
Microsoft Visual Studio Solution File, Format Version 12.00
Project("{FAE04EC0-301F-11D3-BF4B-00C04F79EFBC}") = "RunSightConfigureClient", "RunSightConfigureClient\RunSightConfigureClient.csproj", "{0074139A-1483-4FBE-9236-FF3DBB3C57AA}"
EndProject
Global
	GlobalSection(SolutionConfigurationPlatforms) = preSolution
		Debug|Any CPU = Debug|Any CPU
		Release|Any CPU = Release|Any CPU
	EndGlobalSection
	GlobalSection(ProjectConfigurationPlatforms) = postSolution
		{0074139A-1483-4FBE-9236-FF3DBB3C57AA}.Debug|Any CPU.ActiveCfg = Debug|Any CPU
		{0074139A-1483-4FBE-9236-FF3DBB3C57AA}.Debug|Any CPU.Build.0 = Debug|Any CPU
		{0074139A-1483-4FBE-9236-FF3DBB3C57AA}.Release|Any CPU.ActiveCfg = Release|Any CPU
		{0074139A-1483-4FBE-9236-FF3DBB3C57AA}.Release|Any CPU.Build.0 = Release|Any CPU
	EndGlobalSection
EndGlobal
